version = 1
revision = 3
requires-python = ">=3.13"

[[package]]
name = "aws-secretsmanager-caching"
version = "1.1.3"
source = { registry = "https://pypi.org/simple" }
dependencies = [
    { name = "botocore" },
]
sdist = { url = "https://files.pythonhosted.org/packages/9f/d3/e6bb9f29da0081b9d00490a43612a47dbc4996e195d7e57e013124166b73/aws_secretsmanager_caching-1.1.3.tar.gz", hash = "sha256:f6d6ec9d43e0dbe4f6d5debdf36b4cb691d15a967b358b2575f5d91974a6c0ff", size = 27267, upload-time = "2024-06-20T21:14:50.283Z" }
wheels = [
    { url = "https://files.pythonhosted.org/packages/76/2d/f6ffed80e0299b14c5b945d208ba892f2a13270dff7d88f439890b4fd315/aws_secretsmanager_caching-1.1.3-py3-none-any.whl", hash = "sha256:5dd8588520335ca5cc7f5ae5948e5e85f2f5b58c1341bda0db4acf6399806f78", size = 18427, upload-time = "2024-06-20T21:14:41.638Z" },
]

[[package]]
name = "boto3"
version = "1.42.41"
source = { registry = "https://pypi.org/simple" }
dependencies = [
    { name = "botocore" },
    { name = "jmespath" },
    { name = "s3transfer" },
]
sdist = { url = "https://files.pythonhosted.org/packages/85/b0/f2a371146877b4d60cd2a6f51c440503cbf77a73c85347ad282eebe90269/boto3-1.42.41.tar.gz", hash = "sha256:86dd2bc577e33da5cd9f10e21b22cdda01a24f83f31ca1bb5ac1f5f8b8e9e67e", size = 112806, upload-time = "2026-02-03T20:38:58.004Z" }
wheels = [
    { url = "https://files.pythonhosted.org/packages/7b/e8/e671b9aed3e8f6bb5f85aed7fd9dd4e79074798b2a14391fab6b6da04ff7/boto3-1.42.41-py3-none-any.whl", hash = "sha256:32470b1d32208e03b47cf6ce4a7adb337b8a1730aaefb97c336cfd4e2be2577f", size = 140602, upload-time = "2026-02-03T20:38:56.352Z" },
]

[[package]]
name = "boto3-stubs"
version = "1.42.41"
source = { registry = "https://pypi.org/simple" }
dependencies = [
    { name = "botocore-stubs" },
    { name = "types-s3transfer" },
]
sdist = { url = "https://files.pythonhosted.org/packages/ca/13/db2f1997d7977230f582f3a43fe34e44c77d4489abc9a4e266af1d30d36d/boto3_stubs-1.42.41.tar.gz", hash = "sha256:cfa7ab21b993c83e8d72c6df7ba86e41a6b030ea22b95562205ca648cd624426", size = 100871, upload-time = "2026-02-03T21:06:09.79Z" }
wheels = [
    { url = "https://files.pythonhosted.org/packages/55/a1/a4e8a27803ff3ba9b1fee24cacbf5563e7b079d44eef640175ad4cae2bd5/boto3_stubs-1.42.41-py3-none-any.whl", hash = "sha256:745049b3ceef15c5b015ad373ee341c6204801a4de0375711a974c612333fb31", size = 69782, upload-time = "2026-02-03T21:06:02.191Z" },
]

[package.optional-dependencies]
secretsmanager = [
    { name = "mypy-boto3-secretsmanager" },
]
sqs = [
    { name = "mypy-boto3-sqs" },
]

[[package]]
name = "botocore"
version = "1.42.41"
source = { registry = "https://pypi.org/simple" }
dependencies = [
    { name = "jmespath" },
    { name = "python-dateutil" },
    { name = "urllib3" },
]
sdist = { url = "https://files.pythonhosted.org/packages/27/1d/5fd43319250a5a484bcbde334da2e2297956cdae40de8eb0808759538a7c/botocore-1.42.41.tar.gz", hash = "sha256:0698967741d873d819134bea1ffe9c35decc00c741f49a42885dbd7ad8198fbc", size = 14923189, upload-time = "2026-02-03T20:38:47.957Z" }
wheels = [
    { url = "https://files.pythonhosted.org/packages/e4/84/df765c7942f52eab12540ef1880b9489d45b364b777fad522fa84435ed11/botocore-1.42.41-py3-none-any.whl", hash = "sha256:567530f7d4da668af891c1259fb80c01578ab8d9f1098127cc250451a46fb54f", size = 14597792, upload-time = "2026-02-03T20:38:45.058Z" },
]

[[package]]
name = "botocore-stubs"
version = "1.42.41"
source = { registry = "https://pypi.org/simple" }
dependencies = [
    { name = "types-awscrt" },
]
sdist = { url = "https://files.pythonhosted.org/packages/0c/a8/a26608ff39e3a5866c6c79eda10133490205cbddd45074190becece3ff2a/botocore_stubs-1.42.41.tar.gz", hash = "sha256:dbeac2f744df6b814ce83ec3f3777b299a015cbea57a2efc41c33b8c38265825", size = 42411, upload-time = "2026-02-03T20:46:14.479Z" }
wheels = [
    { url = "https://files.pythonhosted.org/packages/32/76/cab7af7f16c0b09347f2ebe7ffda7101132f786acb767666dce43055faab/botocore_stubs-1.42.41-py3-none-any.whl", hash = "sha256:9423110fb0e391834bd2ed44ae5f879d8cb370a444703d966d30842ce2bcb5f0", size = 66759, upload-time = "2026-02-03T20:46:13.02Z" },
]

[[package]]
name = "jmespath"
version = "1.1.0"
source = { registry = "https://pypi.org/simple" }
sdist = { url = "https://files.pythonhosted.org/packages/d3/59/322338183ecda247fb5d1763a6cbe46eff7222eaeebafd9fa65d4bf5cb11/jmespath-1.1.0.tar.gz", hash = "sha256:472c87d80f36026ae83c6ddd0f1d05d4e510134ed462851fd5f754c8c3cbb88d", size = 27377, upload-time = "2026-01-22T16:35:26.279Z" }
wheels = [
    { url = "https://files.pythonhosted.org/packages/14/2f/967ba146e6d58cf6a652da73885f52fc68001525b4197effc174321d70b4/jmespath-1.1.0-py3-none-any.whl", hash = "sha256:a5663118de4908c91729bea0acadca56526eb2698e83de10cd116ae0f4e97c64", size = 20419, upload-time = "2026-01-22T16:35:24.919Z" },
]

[[package]]
name = "lambda"
version = "0.1.0"
source = { virtual = "." }
dependencies = [
    { name = "aws-secretsmanager-caching" },
    { name = "boto3" },
    { name = "slack-sdk" },
]

[package.dev-dependencies]
dev = [
    { name = "boto3-stubs", extra = ["secretsmanager", "sqs"] },
]

[package.metadata]
requires-dist = [
    { name = "aws-secretsmanager-caching", specifier = ">=1.1.3" },
    { name = "boto3", specifier = ">=1.42.41" },
    { name = "slack-sdk", specifier = ">=3.39.0" },
]

[package.metadata.requires-dev]
dev = [{ name = "boto3-stubs", extras = ["aws-secretsmanager-caching", "secretsmanager", "sqs"], specifier = ">=1.42.41" }]

[[package]]
name = "mypy-boto3-secretsmanager"
version = "1.42.8"
source = { registry = "https://pypi.org/simple" }
sdist = { url = "https://files.pythonhosted.org/packages/f7/58/ccae71b7b7f550eab01d600e956d57e6e6bb9148dbf5d116696d0dc43369/mypy_boto3_secretsmanager-1.42.8.tar.gz", hash = "sha256:5ab42f35ce932765ebb1684146f478a87cc4b83bef950fd1aa0e268b88d59c81", size = 19863, upload-time = "2025-12-11T22:12:51.045Z" }
wheels = [
    { url = "https://files.pythonhosted.org/packages/1a/42/90cef7241c98f6e504cabc9a99d89dd38b84e4d40ff0774c89bc871ffb18/mypy_boto3_secretsmanager-1.42.8-py3-none-any.whl", hash = "sha256:50c891a88e725a8dba7444018e47590ea63d8e938abe2b1c0b25e5413f39d51d", size = 27243, upload-time = "2025-12-11T22:12:44.389Z" },
]

[[package]]
name = "mypy-boto3-sqs"
version = "1.42.3"
source = { registry = "https://pypi.org/simple" }
sdist = { url = "https://files.pythonhosted.org/packages/e8/e4/e326b1072218996c5cb4c3969eb4bbf1fb67a89937974febdebe7bf9d98a/mypy_boto3_sqs-1.42.3.tar.gz", hash = "sha256:699995b9a6f69a97c6d3e9126a76f06751e3b405640174fe7c20fe71d9ddc82a", size = 23267, upload-time = "2025-12-04T21:13:27.326Z" }
wheels = [
    { url = "https://files.pythonhosted.org/packages/00/fb/216fe53352b7f4abfafe25bb38a1cdba224b0280d552c789da592aa21bd2/mypy_boto3_sqs-1.42.3-py3-none-any.whl", hash = "sha256:a1f4ddf8f84112931a4814f0b5ff63e3ec026a07fbbc68e60bf15fa697dc214e", size = 33507, upload-time = "2025-12-04T21:13:23.725Z" },
]

[[package]]
name = "python-dateutil"
version = "2.9.0.post0"
source = { registry = "https://pypi.org/simple" }
dependencies = [
    { name = "six" },
]
sdist = { url = "https://files.pythonhosted.org/packages/66/c0/0c8b6ad9f17a802ee498c46e004a0eb49bc148f2fd230864601a86dcf6db/python-dateutil-2.9.0.post0.tar.gz", hash = "sha256:37dd54208da7e1cd875388217d5e00ebd4179249f90fb72437e91a35459a0ad3", size = 342432, upload-time = "2024-03-01T18:36:20.211Z" }
wheels = [
    { url = "https://files.pythonhosted.org/packages/ec/57/56b9bcc3c9c6a792fcbaf139543cee77261f3651ca9da0c93f5c1221264b/python_dateutil-2.9.0.post0-py2.py3-none-any.whl", hash = "sha256:a8b2bc7bffae282281c8140a97d3aa9c14da0b136dfe83f850eea9a5f7470427", size = 229892, upload-time = "2024-03-01T18:36:18.57Z" },
]

[[package]]
name = "s3transfer"
version = "0.16.0"
source = { registry = "https://pypi.org/simple" }
dependencies = [
    { name = "botocore" },
]
sdist = { url = "https://files.pythonhosted.org/packages/05/04/74127fc843314818edfa81b5540e26dd537353b123a4edc563109d8f17dd/s3transfer-0.16.0.tar.gz", hash = "sha256:8e990f13268025792229cd52fa10cb7163744bf56e719e0b9cb925ab79abf920", size = 153827, upload-time = "2025-12-01T02:30:59.114Z" }
wheels = [
    { url = "https://files.pythonhosted.org/packages/fc/51/727abb13f44c1fcf6d145979e1535a35794db0f6e450a0cb46aa24732fe2/s3transfer-0.16.0-py3-none-any.whl", hash = "sha256:18e25d66fed509e3868dc1572b3f427ff947dd2c56f844a5bf09481ad3f3b2fe", size = 86830, upload-time = "2025-12-01T02:30:57.729Z" },
]

[[package]]
name = "six"
version = "1.17.0"
source = { registry = "https://pypi.org/simple" }
sdist = { url = "https://files.pythonhosted.org/packages/94/e7/b2c673351809dca68a0e064b6af791aa332cf192da575fd474ed7d6f16a2/six-1.17.0.tar.gz", hash = "sha256:ff70335d468e7eb6ec65b95b99d3a2836546063f63acc5171de367e834932a81", size = 34031, upload-time = "2024-12-04T17:35:28.174Z" }
wheels = [
    { url = "https://files.pythonhosted.org/packages/b7/ce/149a00dd41f10bc29e5921b496af8b574d8413afcd5e30dfa0ed46c2cc5e/six-1.17.0-py2.py3-none-any.whl", hash = "sha256:4721f391ed90541fddacab5acf947aa0d3dc7d27b2e1e8eda2be8970586c3274", size = 11050, upload-time = "2024-12-04T17:35:26.475Z" },
]

[[package]]
name = "slack-sdk"
version = "3.39.0"
source = { registry = "https://pypi.org/simple" }
sdist = { url = "https://files.pythonhosted.org/packages/b6/dd/645f3eb93fce38eadbb649e85684730b1fc3906c2674ca59bddc2ca2bd2e/slack_sdk-3.39.0.tar.gz", hash = "sha256:6a56be10dc155c436ff658c6b776e1c082e29eae6a771fccf8b0a235822bbcb1", size = 247207, upload-time = "2025-11-20T15:27:57.556Z" }
wheels = [
    { url = "https://files.pythonhosted.org/packages/ef/1f/32bcf088e535c1870b1a1f2e3b916129c66fdfe565a793316317241d41e5/slack_sdk-3.39.0-py2.py3-none-any.whl", hash = "sha256:b1556b2f5b8b12b94e5ea3f56c4f2c7f04462e4e1013d325c5764ff118044fa8", size = 309850, upload-time = "2025-11-20T15:27:55.729Z" },
]

[[package]]
name = "types-awscrt"
version = "0.31.1"
source = { registry = "https://pypi.org/simple" }
sdist = { url = "https://files.pythonhosted.org/packages/97/be/589b7bba42b5681a72bac4d714287afef4e1bb84d07c859610ff631d449e/types_awscrt-0.31.1.tar.gz", hash = "sha256:08b13494f93f45c1a92eb264755fce50ed0d1dc75059abb5e31670feb9a09724", size = 17839, upload-time = "2026-01-16T02:01:23.394Z" }
wheels = [
    { url = "https://files.pythonhosted.org/packages/5e/fd/ddca80617f230bd833f99b4fb959abebffd8651f520493cae2e96276b1bd/types_awscrt-0.31.1-py3-none-any.whl", hash = "sha256:7e4364ac635f72bd57f52b093883640b1448a6eded0ecbac6e900bf4b1e4777b", size = 42516, upload-time = "2026-01-16T02:01:21.637Z" },
]

[[package]]
name = "types-s3transfer"
version = "0.16.0"
source = { registry = "https://pypi.org/simple" }
sdist = { url = "https://files.pythonhosted.org/packages/fe/64/42689150509eb3e6e82b33ee3d89045de1592488842ddf23c56957786d05/types_s3transfer-0.16.0.tar.gz", hash = "sha256:b4636472024c5e2b62278c5b759661efeb52a81851cde5f092f24100b1ecb443", size = 13557, upload-time = "2025-12-08T08:13:09.928Z" }
wheels = [
    { url = "https://files.pythonhosted.org/packages/98/27/e88220fe6274eccd3bdf95d9382918716d312f6f6cef6a46332d1ee2feff/types_s3transfer-0.16.0-py3-none-any.whl", hash = "sha256:1c0cd111ecf6e21437cb410f5cddb631bfb2263b77ad973e79b9c6d0cb24e0ef", size = 19247, upload-time = "2025-12-08T08:13:08.426Z" },
]

[[package]]
name = "urllib3"
version = "2.6.3"
source = { registry = "https://pypi.org/simple" }
sdist = { url = "https://files.pythonhosted.org/packages/c7/24/5f1b3bdffd70275f6661c76461e25f024d5a38a46f04aaca912426a2b1d3/urllib3-2.6.3.tar.gz", hash = "sha256:1b62b6884944a57dbe321509ab94fd4d3b307075e0c2eae991ac71ee15ad38ed", size = 435556, upload-time = "2026-01-07T16:24:43.925Z" }
wheels = [
    { url = "https://files.pythonhosted.org/packages/39/08/aaaad47bc4e9dc8c725e68f9d04865dbcb2052843ff09c97b08904852d84/urllib3-2.6.3-py3-none-any.whl", hash = "sha256:bf272323e553dfb2e87d9bfd225ca7b0f467b919d7bbd355436d3fd37cb0acd4", size = 131584, upload-time = "2026-01-07T16:24:42.685Z" },
]
